
Microsoft Visual Studio Solution File, Format Version 12.00
# Visual Studio Version 17
VisualStudioVersion = 17.13.35825.156 d17.13
MinimumVisualStudioVersion = 10.0.40219.1
Project("{8BC9CEB8-8B4A-11D0-8D11-00A0C91BC942}") = "过河最短时间（贪心）", "过河最短时间（贪心）\过河最短时间（贪心）.vcxproj", "{5956A550-6942-4B77-9F4E-A655932869EA}"
EndProject
Global
	GlobalSection(SolutionConfigurationPlatforms) = preSolution
		Debug|x64 = Debug|x64
		Debug|x86 = Debug|x86
		Release|x64 = Release|x64
		Release|x86 = Release|x86
	EndGlobalSection
	GlobalSection(ProjectConfigurationPlatforms) = postSolution
		{5956A550-6942-4B77-9F4E-A655932869EA}.Debug|x64.ActiveCfg = Debug|x64
		{5956A550-6942-4B77-9F4E-A655932869EA}.Debug|x64.Build.0 = Debug|x64
		{5956A550-6942-4B77-9F4E-A655932869EA}.Debug|x86.ActiveCfg = Debug|Win32
		{5956A550-6942-4B77-9F4E-A655932869EA}.Debug|x86.Build.0 = Debug|Win32
		{5956A550-6942-4B77-9F4E-A655932869EA}.Release|x64.ActiveCfg = Release|x64
		{5956A550-6942-4B77-9F4E-A655932869EA}.Release|x64.Build.0 = Release|x64
		{5956A550-6942-4B77-9F4E-A655932869EA}.Release|x86.ActiveCfg = Release|Win32
		{5956A550-6942-4B77-9F4E-A655932869EA}.Release|x86.Build.0 = Release|Win32
	EndGlobalSection
	GlobalSection(SolutionProperties) = preSolution
		HideSolutionNode = FALSE
	EndGlobalSection
	GlobalSection(ExtensibilityGlobals) = postSolution
		SolutionGuid = {AD0F7634-34F9-4FDD-BB61-0ABDE5D98783}
	EndGlobalSection
EndGlobal
