
Microsoft Visual Studio Solution File, Format Version 12.00
# Visual Studio Version 17
VisualStudioVersion = 17.14.36109.1
MinimumVisualStudioVersion = 10.0.40219.1
Project("{8BC9CEB8-8B4A-11D0-8D11-00A0C91BC942}") = "教学演示", "教学演示\教学演示.vcxproj", "{4C5B48E1-D566-4C03-B7CF-FCCDA8FE2629}"
EndProject
Project("{8BC9CEB8-8B4A-11D0-8D11-00A0C91BC942}") = "B2158 谁考了第 k 名", "B2158 谁考了第 k 名\B2158 谁考了第 k 名.vcxproj", "{2289A15E-82E5-422E-A323-32ABCF60144E}"
EndProject
Project("{8BC9CEB8-8B4A-11D0-8D11-00A0C91BC942}") = "B2159 成绩排序", "B2159 成绩排序\B2159 成绩排序.vcxproj", "{795F46E0-94DB-4342-8664-C345546BF06A}"
EndProject
Project("{8BC9CEB8-8B4A-11D0-8D11-00A0C91BC942}") = "P1482 Cantor表（升级版）", "P1482 Cantor表（升级版）\P1482 Cantor表（升级版）.vcxproj", "{4CE37D41-15CD-48F4-88FF-426CFFEEE5FB}"
EndProject
Project("{8BC9CEB8-8B4A-11D0-8D11-00A0C91BC942}") = "P1020 [NOIP 1999 提高组] 导弹拦截", "P1020 [NOIP 1999 提高组] 导弹拦截\P1020 [NOIP 1999 提高组] 导弹拦截.vcxproj", "{C568DFF0-63FA-46FC-A563-9E58A2B0EB5F}"
EndProject
Project("{8BC9CEB8-8B4A-11D0-8D11-00A0C91BC942}") = "U460229 多层汉诺塔", "U460229 多层汉诺塔\U460229 多层汉诺塔.vcxproj", "{955B1107-6A27-47FE-8805-6D593D16897E}"
EndProject
Global
	GlobalSection(SolutionConfigurationPlatforms) = preSolution
		Debug|x64 = Debug|x64
		Debug|x86 = Debug|x86
		Release|x64 = Release|x64
		Release|x86 = Release|x86
	EndGlobalSection
	GlobalSection(ProjectConfigurationPlatforms) = postSolution
		{4C5B48E1-D566-4C03-B7CF-FCCDA8FE2629}.Debug|x64.ActiveCfg = Debug|x64
		{4C5B48E1-D566-4C03-B7CF-FCCDA8FE2629}.Debug|x64.Build.0 = Debug|x64
		{4C5B48E1-D566-4C03-B7CF-FCCDA8FE2629}.Debug|x86.ActiveCfg = Debug|Win32
		{4C5B48E1-D566-4C03-B7CF-FCCDA8FE2629}.Debug|x86.Build.0 = Debug|Win32
		{4C5B48E1-D566-4C03-B7CF-FCCDA8FE2629}.Release|x64.ActiveCfg = Release|x64
		{4C5B48E1-D566-4C03-B7CF-FCCDA8FE2629}.Release|x64.Build.0 = Release|x64
		{4C5B48E1-D566-4C03-B7CF-FCCDA8FE2629}.Release|x86.ActiveCfg = Release|Win32
		{4C5B48E1-D566-4C03-B7CF-FCCDA8FE2629}.Release|x86.Build.0 = Release|Win32
		{2289A15E-82E5-422E-A323-32ABCF60144E}.Debug|x64.ActiveCfg = Debug|x64
		{2289A15E-82E5-422E-A323-32ABCF60144E}.Debug|x64.Build.0 = Debug|x64
		{2289A15E-82E5-422E-A323-32ABCF60144E}.Debug|x86.ActiveCfg = Debug|Win32
		{2289A15E-82E5-422E-A323-32ABCF60144E}.Debug|x86.Build.0 = Debug|Win32
		{2289A15E-82E5-422E-A323-32ABCF60144E}.Release|x64.ActiveCfg = Release|x64
		{2289A15E-82E5-422E-A323-32ABCF60144E}.Release|x64.Build.0 = Release|x64
		{2289A15E-82E5-422E-A323-32ABCF60144E}.Release|x86.ActiveCfg = Release|Win32
		{2289A15E-82E5-422E-A323-32ABCF60144E}.Release|x86.Build.0 = Release|Win32
		{795F46E0-94DB-4342-8664-C345546BF06A}.Debug|x64.ActiveCfg = Debug|x64
		{795F46E0-94DB-4342-8664-C345546BF06A}.Debug|x64.Build.0 = Debug|x64
		{795F46E0-94DB-4342-8664-C345546BF06A}.Debug|x86.ActiveCfg = Debug|Win32
		{795F46E0-94DB-4342-8664-C345546BF06A}.Debug|x86.Build.0 = Debug|Win32
		{795F46E0-94DB-4342-8664-C345546BF06A}.Release|x64.ActiveCfg = Release|x64
		{795F46E0-94DB-4342-8664-C345546BF06A}.Release|x64.Build.0 = Release|x64
		{795F46E0-94DB-4342-8664-C345546BF06A}.Release|x86.ActiveCfg = Release|Win32
		{795F46E0-94DB-4342-8664-C345546BF06A}.Release|x86.Build.0 = Release|Win32
		{4CE37D41-15CD-48F4-88FF-426CFFEEE5FB}.Debug|x64.ActiveCfg = Debug|x64
		{4CE37D41-15CD-48F4-88FF-426CFFEEE5FB}.Debug|x64.Build.0 = Debug|x64
		{4CE37D41-15CD-48F4-88FF-426CFFEEE5FB}.Debug|x86.ActiveCfg = Debug|Win32
		{4CE37D41-15CD-48F4-88FF-426CFFEEE5FB}.Debug|x86.Build.0 = Debug|Win32
		{4CE37D41-15CD-48F4-88FF-426CFFEEE5FB}.Release|x64.ActiveCfg = Release|x64
		{4CE37D41-15CD-48F4-88FF-426CFFEEE5FB}.Release|x64.Build.0 = Release|x64
		{4CE37D41-15CD-48F4-88FF-426CFFEEE5FB}.Release|x86.ActiveCfg = Release|Win32
		{4CE37D41-15CD-48F4-88FF-426CFFEEE5FB}.Release|x86.Build.0 = Release|Win32
		{C568DFF0-63FA-46FC-A563-9E58A2B0EB5F}.Debug|x64.ActiveCfg = Debug|x64
		{C568DFF0-63FA-46FC-A563-9E58A2B0EB5F}.Debug|x64.Build.0 = Debug|x64
		{C568DFF0-63FA-46FC-A563-9E58A2B0EB5F}.Debug|x86.ActiveCfg = Debug|Win32
		{C568DFF0-63FA-46FC-A563-9E58A2B0EB5F}.Debug|x86.Build.0 = Debug|Win32
		{C568DFF0-63FA-46FC-A563-9E58A2B0EB5F}.Release|x64.ActiveCfg = Release|x64
		{C568DFF0-63FA-46FC-A563-9E58A2B0EB5F}.Release|x64.Build.0 = Release|x64
		{C568DFF0-63FA-46FC-A563-9E58A2B0EB5F}.Release|x86.ActiveCfg = Release|Win32
		{C568DFF0-63FA-46FC-A563-9E58A2B0EB5F}.Release|x86.Build.0 = Release|Win32
		{955B1107-6A27-47FE-8805-6D593D16897E}.Debug|x64.ActiveCfg = Debug|x64
		{955B1107-6A27-47FE-8805-6D593D16897E}.Debug|x64.Build.0 = Debug|x64
		{955B1107-6A27-47FE-8805-6D593D16897E}.Debug|x86.ActiveCfg = Debug|Win32
		{955B1107-6A27-47FE-8805-6D593D16897E}.Debug|x86.Build.0 = Debug|Win32
		{955B1107-6A27-47FE-8805-6D593D16897E}.Release|x64.ActiveCfg = Release|x64
		{955B1107-6A27-47FE-8805-6D593D16897E}.Release|x64.Build.0 = Release|x64
		{955B1107-6A27-47FE-8805-6D593D16897E}.Release|x86.ActiveCfg = Release|Win32
		{955B1107-6A27-47FE-8805-6D593D16897E}.Release|x86.Build.0 = Release|Win32
	EndGlobalSection
	GlobalSection(SolutionProperties) = preSolution
		HideSolutionNode = FALSE
	EndGlobalSection
	GlobalSection(ExtensibilityGlobals) = postSolution
		SolutionGuid = {FF8A69E1-8346-4690-90E4-81B75CA2E478}
	EndGlobalSection
EndGlobal
