
Microsoft Visual Studio Solution File, Format Version 12.00
# Visual Studio Version 17
VisualStudioVersion = 17.13.35825.156
MinimumVisualStudioVersion = 10.0.40219.1
Project("{8BC9CEB8-8B4A-11D0-8D11-00A0C91BC942}") = "P1149 火柴棒等式", "P1149 火柴棒等式\P1149 火柴棒等式.vcxproj", "{AB89EF84-7753-411B-BD86-1FBDD2595D7B}"
EndProject
Project("{8BC9CEB8-8B4A-11D0-8D11-00A0C91BC942}") = "P1088 火星人", "P1088 火星人\P1088 火星人.vcxproj", "{F0D4C4D4-A621-4455-BE8D-86F4310CD509}"
EndProject
Project("{8BC9CEB8-8B4A-11D0-8D11-00A0C91BC942}") = "P2089 烤鸡", "P2089 烤鸡\P2089 烤鸡.vcxproj", "{8F3CF11D-D7E2-4D86-B666-7C6744EB5E72}"
EndProject
Project("{8BC9CEB8-8B4A-11D0-8D11-00A0C91BC942}") = "P1706 全排列问题", "P1706 全排列问题\P1706 全排列问题.vcxproj", "{2538B6E0-883C-4662-B0F8-AD5A5A6C9427}"
EndProject
Project("{8BC9CEB8-8B4A-11D0-8D11-00A0C91BC942}") = "P1157 组合的输出", "P1157 组合的输出\P1157 组合的输出.vcxproj", "{99B0D458-BB39-4C36-842C-41C4ADF95E24}"
EndProject
Project("{8BC9CEB8-8B4A-11D0-8D11-00A0C91BC942}") = "P1036 选数", "P1036 选数\P1036 选数.vcxproj", "{6F9F05D0-9A80-4BF7-A9C2-D9E9811CA467}"
EndProject
Project("{8BC9CEB8-8B4A-11D0-8D11-00A0C91BC942}") = "U127142 指数型枚举", "U127142 指数型枚举\U127142 指数型枚举.vcxproj", "{C5540EBC-F7C5-4AFA-AD94-018F485C02D3}"
EndProject
Project("{8BC9CEB8-8B4A-11D0-8D11-00A0C91BC942}") = "P1601 A+B Problem（高精）", "P1601 A+B Problem（高精）\P1601 A+B Problem（高精）.vcxproj", "{FDB5485E-A421-4743-BB56-8B6884F1975A}"
EndProject
Project("{8BC9CEB8-8B4A-11D0-8D11-00A0C91BC942}") = "P1809 过河问题", "P1809 过河问题\P1809 过河问题.vcxproj", "{19F97BE8-D508-4825-BA6F-B18884CC1E1F}"
EndProject
Project("{8BC9CEB8-8B4A-11D0-8D11-00A0C91BC942}") = "P2708 硬币翻转", "P2708 硬币翻转\P2708 硬币翻转.vcxproj", "{B611FC00-3BF0-4365-BACA-48BA76985775}"
EndProject
Project("{8BC9CEB8-8B4A-11D0-8D11-00A0C91BC942}") = "P1548 [NOIP 1997 普及组] 棋盘问题", "P1548 [NOIP 1997 普及组] 棋盘问题\P1548 [NOIP 1997 普及组] 棋盘问题.vcxproj", "{39BF1208-F182-4872-BA2B-6C1334DC81B7}"
EndProject
Project("{8BC9CEB8-8B4A-11D0-8D11-00A0C91BC942}") = "P2670 [NOIP 2015 普及组] 扫雷游戏", "P2670 [NOIP 2015 普及组] 扫雷游戏\P2670 [NOIP 2015 普及组] 扫雷游戏.vcxproj", "{6EA3C34D-0F67-41AF-9396-BEEAB0FAD8F4}"
EndProject
Global
	GlobalSection(SolutionConfigurationPlatforms) = preSolution
		Debug|x64 = Debug|x64
		Debug|x86 = Debug|x86
		Release|x64 = Release|x64
		Release|x86 = Release|x86
	EndGlobalSection
	GlobalSection(ProjectConfigurationPlatforms) = postSolution
		{AB89EF84-7753-411B-BD86-1FBDD2595D7B}.Debug|x64.ActiveCfg = Debug|x64
		{AB89EF84-7753-411B-BD86-1FBDD2595D7B}.Debug|x64.Build.0 = Debug|x64
		{AB89EF84-7753-411B-BD86-1FBDD2595D7B}.Debug|x86.ActiveCfg = Debug|Win32
		{AB89EF84-7753-411B-BD86-1FBDD2595D7B}.Debug|x86.Build.0 = Debug|Win32
		{AB89EF84-7753-411B-BD86-1FBDD2595D7B}.Release|x64.ActiveCfg = Release|x64
		{AB89EF84-7753-411B-BD86-1FBDD2595D7B}.Release|x64.Build.0 = Release|x64
		{AB89EF84-7753-411B-BD86-1FBDD2595D7B}.Release|x86.ActiveCfg = Release|Win32
		{AB89EF84-7753-411B-BD86-1FBDD2595D7B}.Release|x86.Build.0 = Release|Win32
		{F0D4C4D4-A621-4455-BE8D-86F4310CD509}.Debug|x64.ActiveCfg = Debug|x64
		{F0D4C4D4-A621-4455-BE8D-86F4310CD509}.Debug|x64.Build.0 = Debug|x64
		{F0D4C4D4-A621-4455-BE8D-86F4310CD509}.Debug|x86.ActiveCfg = Debug|Win32
		{F0D4C4D4-A621-4455-BE8D-86F4310CD509}.Debug|x86.Build.0 = Debug|Win32
		{F0D4C4D4-A621-4455-BE8D-86F4310CD509}.Release|x64.ActiveCfg = Release|x64
		{F0D4C4D4-A621-4455-BE8D-86F4310CD509}.Release|x64.Build.0 = Release|x64
		{F0D4C4D4-A621-4455-BE8D-86F4310CD509}.Release|x86.ActiveCfg = Release|Win32
		{F0D4C4D4-A621-4455-BE8D-86F4310CD509}.Release|x86.Build.0 = Release|Win32
		{8F3CF11D-D7E2-4D86-B666-7C6744EB5E72}.Debug|x64.ActiveCfg = Debug|x64
		{8F3CF11D-D7E2-4D86-B666-7C6744EB5E72}.Debug|x64.Build.0 = Debug|x64
		{8F3CF11D-D7E2-4D86-B666-7C6744EB5E72}.Debug|x86.ActiveCfg = Debug|Win32
		{8F3CF11D-D7E2-4D86-B666-7C6744EB5E72}.Debug|x86.Build.0 = Debug|Win32
		{8F3CF11D-D7E2-4D86-B666-7C6744EB5E72}.Release|x64.ActiveCfg = Release|x64
		{8F3CF11D-D7E2-4D86-B666-7C6744EB5E72}.Release|x64.Build.0 = Release|x64
		{8F3CF11D-D7E2-4D86-B666-7C6744EB5E72}.Release|x86.ActiveCfg = Release|Win32
		{8F3CF11D-D7E2-4D86-B666-7C6744EB5E72}.Release|x86.Build.0 = Release|Win32
		{2538B6E0-883C-4662-B0F8-AD5A5A6C9427}.Debug|x64.ActiveCfg = Debug|x64
		{2538B6E0-883C-4662-B0F8-AD5A5A6C9427}.Debug|x64.Build.0 = Debug|x64
		{2538B6E0-883C-4662-B0F8-AD5A5A6C9427}.Debug|x86.ActiveCfg = Debug|Win32
		{2538B6E0-883C-4662-B0F8-AD5A5A6C9427}.Debug|x86.Build.0 = Debug|Win32
		{2538B6E0-883C-4662-B0F8-AD5A5A6C9427}.Release|x64.ActiveCfg = Release|x64
		{2538B6E0-883C-4662-B0F8-AD5A5A6C9427}.Release|x64.Build.0 = Release|x64
		{2538B6E0-883C-4662-B0F8-AD5A5A6C9427}.Release|x86.ActiveCfg = Release|Win32
		{2538B6E0-883C-4662-B0F8-AD5A5A6C9427}.Release|x86.Build.0 = Release|Win32
		{99B0D458-BB39-4C36-842C-41C4ADF95E24}.Debug|x64.ActiveCfg = Debug|x64
		{99B0D458-BB39-4C36-842C-41C4ADF95E24}.Debug|x64.Build.0 = Debug|x64
		{99B0D458-BB39-4C36-842C-41C4ADF95E24}.Debug|x86.ActiveCfg = Debug|Win32
		{99B0D458-BB39-4C36-842C-41C4ADF95E24}.Debug|x86.Build.0 = Debug|Win32
		{99B0D458-BB39-4C36-842C-41C4ADF95E24}.Release|x64.ActiveCfg = Release|x64
		{99B0D458-BB39-4C36-842C-41C4ADF95E24}.Release|x64.Build.0 = Release|x64
		{99B0D458-BB39-4C36-842C-41C4ADF95E24}.Release|x86.ActiveCfg = Release|Win32
		{99B0D458-BB39-4C36-842C-41C4ADF95E24}.Release|x86.Build.0 = Release|Win32
		{6F9F05D0-9A80-4BF7-A9C2-D9E9811CA467}.Debug|x64.ActiveCfg = Debug|x64
		{6F9F05D0-9A80-4BF7-A9C2-D9E9811CA467}.Debug|x64.Build.0 = Debug|x64
		{6F9F05D0-9A80-4BF7-A9C2-D9E9811CA467}.Debug|x86.ActiveCfg = Debug|Win32
		{6F9F05D0-9A80-4BF7-A9C2-D9E9811CA467}.Debug|x86.Build.0 = Debug|Win32
		{6F9F05D0-9A80-4BF7-A9C2-D9E9811CA467}.Release|x64.ActiveCfg = Release|x64
		{6F9F05D0-9A80-4BF7-A9C2-D9E9811CA467}.Release|x64.Build.0 = Release|x64
		{6F9F05D0-9A80-4BF7-A9C2-D9E9811CA467}.Release|x86.ActiveCfg = Release|Win32
		{6F9F05D0-9A80-4BF7-A9C2-D9E9811CA467}.Release|x86.Build.0 = Release|Win32
		{C5540EBC-F7C5-4AFA-AD94-018F485C02D3}.Debug|x64.ActiveCfg = Debug|x64
		{C5540EBC-F7C5-4AFA-AD94-018F485C02D3}.Debug|x64.Build.0 = Debug|x64
		{C5540EBC-F7C5-4AFA-AD94-018F485C02D3}.Debug|x86.ActiveCfg = Debug|Win32
		{C5540EBC-F7C5-4AFA-AD94-018F485C02D3}.Debug|x86.Build.0 = Debug|Win32
		{C5540EBC-F7C5-4AFA-AD94-018F485C02D3}.Release|x64.ActiveCfg = Release|x64
		{C5540EBC-F7C5-4AFA-AD94-018F485C02D3}.Release|x64.Build.0 = Release|x64
		{C5540EBC-F7C5-4AFA-AD94-018F485C02D3}.Release|x86.ActiveCfg = Release|Win32
		{C5540EBC-F7C5-4AFA-AD94-018F485C02D3}.Release|x86.Build.0 = Release|Win32
		{FDB5485E-A421-4743-BB56-8B6884F1975A}.Debug|x64.ActiveCfg = Debug|x64
		{FDB5485E-A421-4743-BB56-8B6884F1975A}.Debug|x64.Build.0 = Debug|x64
		{FDB5485E-A421-4743-BB56-8B6884F1975A}.Debug|x86.ActiveCfg = Debug|Win32
		{FDB5485E-A421-4743-BB56-8B6884F1975A}.Debug|x86.Build.0 = Debug|Win32
		{FDB5485E-A421-4743-BB56-8B6884F1975A}.Release|x64.ActiveCfg = Release|x64
		{FDB5485E-A421-4743-BB56-8B6884F1975A}.Release|x64.Build.0 = Release|x64
		{FDB5485E-A421-4743-BB56-8B6884F1975A}.Release|x86.ActiveCfg = Release|Win32
		{FDB5485E-A421-4743-BB56-8B6884F1975A}.Release|x86.Build.0 = Release|Win32
		{19F97BE8-D508-4825-BA6F-B18884CC1E1F}.Debug|x64.ActiveCfg = Debug|x64
		{19F97BE8-D508-4825-BA6F-B18884CC1E1F}.Debug|x64.Build.0 = Debug|x64
		{19F97BE8-D508-4825-BA6F-B18884CC1E1F}.Debug|x86.ActiveCfg = Debug|Win32
		{19F97BE8-D508-4825-BA6F-B18884CC1E1F}.Debug|x86.Build.0 = Debug|Win32
		{19F97BE8-D508-4825-BA6F-B18884CC1E1F}.Release|x64.ActiveCfg = Release|x64
		{19F97BE8-D508-4825-BA6F-B18884CC1E1F}.Release|x64.Build.0 = Release|x64
		{19F97BE8-D508-4825-BA6F-B18884CC1E1F}.Release|x86.ActiveCfg = Release|Win32
		{19F97BE8-D508-4825-BA6F-B18884CC1E1F}.Release|x86.Build.0 = Release|Win32
		{B611FC00-3BF0-4365-BACA-48BA76985775}.Debug|x64.ActiveCfg = Debug|x64
		{B611FC00-3BF0-4365-BACA-48BA76985775}.Debug|x64.Build.0 = Debug|x64
		{B611FC00-3BF0-4365-BACA-48BA76985775}.Debug|x86.ActiveCfg = Debug|Win32
		{B611FC00-3BF0-4365-BACA-48BA76985775}.Debug|x86.Build.0 = Debug|Win32
		{B611FC00-3BF0-4365-BACA-48BA76985775}.Release|x64.ActiveCfg = Release|x64
		{B611FC00-3BF0-4365-BACA-48BA76985775}.Release|x64.Build.0 = Release|x64
		{B611FC00-3BF0-4365-BACA-48BA76985775}.Release|x86.ActiveCfg = Release|Win32
		{B611FC00-3BF0-4365-BACA-48BA76985775}.Release|x86.Build.0 = Release|Win32
		{39BF1208-F182-4872-BA2B-6C1334DC81B7}.Debug|x64.ActiveCfg = Debug|x64
		{39BF1208-F182-4872-BA2B-6C1334DC81B7}.Debug|x64.Build.0 = Debug|x64
		{39BF1208-F182-4872-BA2B-6C1334DC81B7}.Debug|x86.ActiveCfg = Debug|Win32
		{39BF1208-F182-4872-BA2B-6C1334DC81B7}.Debug|x86.Build.0 = Debug|Win32
		{39BF1208-F182-4872-BA2B-6C1334DC81B7}.Release|x64.ActiveCfg = Release|x64
		{39BF1208-F182-4872-BA2B-6C1334DC81B7}.Release|x64.Build.0 = Release|x64
		{39BF1208-F182-4872-BA2B-6C1334DC81B7}.Release|x86.ActiveCfg = Release|Win32
		{39BF1208-F182-4872-BA2B-6C1334DC81B7}.Release|x86.Build.0 = Release|Win32
		{6EA3C34D-0F67-41AF-9396-BEEAB0FAD8F4}.Debug|x64.ActiveCfg = Debug|x64
		{6EA3C34D-0F67-41AF-9396-BEEAB0FAD8F4}.Debug|x64.Build.0 = Debug|x64
		{6EA3C34D-0F67-41AF-9396-BEEAB0FAD8F4}.Debug|x86.ActiveCfg = Debug|Win32
		{6EA3C34D-0F67-41AF-9396-BEEAB0FAD8F4}.Debug|x86.Build.0 = Debug|Win32
		{6EA3C34D-0F67-41AF-9396-BEEAB0FAD8F4}.Release|x64.ActiveCfg = Release|x64
		{6EA3C34D-0F67-41AF-9396-BEEAB0FAD8F4}.Release|x64.Build.0 = Release|x64
		{6EA3C34D-0F67-41AF-9396-BEEAB0FAD8F4}.Release|x86.ActiveCfg = Release|Win32
		{6EA3C34D-0F67-41AF-9396-BEEAB0FAD8F4}.Release|x86.Build.0 = Release|Win32
	EndGlobalSection
	GlobalSection(SolutionProperties) = preSolution
		HideSolutionNode = FALSE
	EndGlobalSection
	GlobalSection(ExtensibilityGlobals) = postSolution
		SolutionGuid = {A92961CD-7AD9-487E-97D6-4A32CD35E236}
	EndGlobalSection
EndGlobal
