
Microsoft Visual Studio Solution File, Format Version 12.00
# Visual Studio Version 17
VisualStudioVersion = 17.13.35825.156
MinimumVisualStudioVersion = 10.0.40219.1
Project("{8BC9CEB8-8B4A-11D0-8D11-00A0C91BC942}") = "P1149 火柴棒等式", "P1149 火柴棒等式\P1149 火柴棒等式.vcxproj", "{AB89EF84-7753-411B-BD86-1FBDD2595D7B}"
EndProject
Project("{8BC9CEB8-8B4A-11D0-8D11-00A0C91BC942}") = "P1088 火星人", "P1088 火星人\P1088 火星人.vcxproj", "{F0D4C4D4-A621-4455-BE8D-86F4310CD509}"
EndProject
Project("{8BC9CEB8-8B4A-11D0-8D11-00A0C91BC942}") = "P2089 烤鸡", "P2089 烤鸡\P2089 烤鸡.vcxproj", "{8F3CF11D-D7E2-4D86-B666-7C6744EB5E72}"
EndProject
Project("{8BC9CEB8-8B4A-11D0-8D11-00A0C91BC942}") = "P1706 全排列问题", "P1706 全排列问题\P1706 全排列问题.vcxproj", "{2538B6E0-883C-4662-B0F8-AD5A5A6C9427}"
EndProject
Project("{8BC9CEB8-8B4A-11D0-8D11-00A0C91BC942}") = "P1157 组合的输出", "P1157 组合的输出\P1157 组合的输出.vcxproj", "{99B0D458-BB39-4C36-842C-41C4ADF95E24}"
EndProject
Project("{8BC9CEB8-8B4A-11D0-8D11-00A0C91BC942}") = "P1036 选数", "P1036 选数\P1036 选数.vcxproj", "{6F9F05D0-9A80-4BF7-A9C2-D9E9811CA467}"
EndProject
Project("{8BC9CEB8-8B4A-11D0-8D11-00A0C91BC942}") = "U127142 指数型枚举", "U127142 指数型枚举\U127142 指数型枚举.vcxproj", "{C5540EBC-F7C5-4AFA-AD94-018F485C02D3}"
EndProject
Project("{8BC9CEB8-8B4A-11D0-8D11-00A0C91BC942}") = "P1601 A+B Problem（高精）", "P1601 A+B Problem（高精）\P1601 A+B Problem（高精）.vcxproj", "{FDB5485E-A421-4743-BB56-8B6884F1975A}"
EndProject
Project("{8BC9CEB8-8B4A-11D0-8D11-00A0C91BC942}") = "P1809 过河问题", "P1809 过河问题\P1809 过河问题.vcxproj", "{19F97BE8-D508-4825-BA6F-B18884CC1E1F}"
EndProject
Project("{8BC9CEB8-8B4A-11D0-8D11-00A0C91BC942}") = "P2708 硬币翻转", "P2708 硬币翻转\P2708 硬币翻转.vcxproj", "{B611FC00-3BF0-4365-BACA-48BA76985775}"
EndProject
Project("{8BC9CEB8-8B4A-11D0-8D11-00A0C91BC942}") = "P1548 [NOIP 1997 普及组] 棋盘问题", "P1548 [NOIP 1997 普及组] 棋盘问题\P1548 [NOIP 1997 普及组] 棋盘问题.vcxproj", "{39BF1208-F182-4872-BA2B-6C1334DC81B7}"
EndProject
Project("{8BC9CEB8-8B4A-11D0-8D11-00A0C91BC942}") = "P2670 [NOIP 2015 普及组] 扫雷游戏", "P2670 [NOIP 2015 普及组] 扫雷游戏\P2670 [NOIP 2015 普及组] 扫雷游戏.vcxproj", "{6EA3C34D-0F67-41AF-9396-BEEAB0FAD8F4}"
EndProject
Project("{8BC9CEB8-8B4A-11D0-8D11-00A0C91BC942}") = "U459986 将整数换成分数", "U459986 将整数换成分数\U459986 将整数换成分数.vcxproj", "{1BDEED70-9ED2-41BE-B953-372644273A50}"
EndProject
Project("{8BC9CEB8-8B4A-11D0-8D11-00A0C91BC942}") = "U460128 翻转数相乘", "U460128 翻转数相乘\U460128 翻转数相乘.vcxproj", "{AC2B704A-5F11-413E-93DE-CB84092FB0DC}"
EndProject
Project("{8BC9CEB8-8B4A-11D0-8D11-00A0C91BC942}") = "P2036 PERKET", "P2036 PERKET\P2036 PERKET.vcxproj", "{348672A6-7E28-4C12-AA05-BF8B49013212}"
EndProject
Project("{8BC9CEB8-8B4A-11D0-8D11-00A0C91BC942}") = "P1135 奇怪的电梯", "P1135 奇怪的电梯\P1135 奇怪的电梯.vcxproj", "{C2AF505D-72C5-4AAF-B30D-B113E697ED93}"
EndProject
Project("{8BC9CEB8-8B4A-11D0-8D11-00A0C91BC942}") = "P1683 入门", "P1683 入门\P1683 入门.vcxproj", "{96C37C27-B0E8-4B3F-B57B-830D77479FAB}"
EndProject
Project("{8BC9CEB8-8B4A-11D0-8D11-00A0C91BC942}") = "P1605 迷宫", "P1605 迷宫\P1605 迷宫.vcxproj", "{D688CBC4-6CB7-495D-B5CB-C2166C336FBF}"
EndProject
Project("{8BC9CEB8-8B4A-11D0-8D11-00A0C91BC942}") = "P1443 马的遍历", "P1443 马的遍历\P1443 马的遍历.vcxproj", "{D0B4F261-53C9-4785-AB5A-38BE1B8F0B55}"
EndProject
Project("{8BC9CEB8-8B4A-11D0-8D11-00A0C91BC942}") = "P1596 [USACO10OCT] Lake Counting S", "P1596 [USACO10OCT] Lake Counting S\P1596 [USACO10OCT] Lake Counting S.vcxproj", "{CC0EDCAB-40EF-440E-996F-D55C08284695}"
EndProject
Project("{8BC9CEB8-8B4A-11D0-8D11-00A0C91BC942}") = "U326395 棋盘问题", "U326395 棋盘问题\U326395 棋盘问题.vcxproj", "{1BED0BD2-A377-4AFE-9501-04556DE13333}"
EndProject
Project("{8BC9CEB8-8B4A-11D0-8D11-00A0C91BC942}") = "P1025 [NOIP 2001 提高组] 数的划分", "P1025 [NOIP 2001 提高组] 数的划分\P1025 [NOIP 2001 提高组] 数的划分.vcxproj", "{1AC62D6D-BF4F-4DFC-A744-390F85875F1B}"
EndProject
Project("{8BC9CEB8-8B4A-11D0-8D11-00A0C91BC942}") = "P1019 [NOIP 2000 提高组] 单词接龙", "P1019 [NOIP 2000 提高组] 单词接龙\P1019 [NOIP 2000 提高组] 单词接龙.vcxproj", "{F383FBDA-4A78-4E72-9403-9D36E51BFEE2}"
EndProject
Project("{8BC9CEB8-8B4A-11D0-8D11-00A0C91BC942}") = "P1238 走迷宫", "P1238 走迷宫\P1238 走迷宫.vcxproj", "{0B83D2D0-CFAA-44FD-8545-B674839C3EA4}"
EndProject
Project("{8BC9CEB8-8B4A-11D0-8D11-00A0C91BC942}") = "P1746 离开中山路", "P1746 离开中山路\P1746 离开中山路.vcxproj", "{E2AC36CD-0862-4F78-8260-B501E1D2A62F}"
EndProject
Project("{8BC9CEB8-8B4A-11D0-8D11-00A0C91BC942}") = "P1332 血色先锋队", "P1332 血色先锋队\P1332 血色先锋队.vcxproj", "{6BB73F06-D4D8-4C45-AF94-33EE41FE3EE4}"
EndProject
Project("{8BC9CEB8-8B4A-11D0-8D11-00A0C91BC942}") = "P1747 好奇怪的游戏", "P1747 好奇怪的游戏\P1747 好奇怪的游戏.vcxproj", "{C39AE655-AD95-45FA-AB7F-598475C8D19F}"
EndProject
Project("{8BC9CEB8-8B4A-11D0-8D11-00A0C91BC942}") = "P1162 填涂颜色", "P1162 填涂颜色\P1162 填涂颜色.vcxproj", "{287EB592-F53F-4043-B0D7-604A32984210}"
EndProject
Project("{8BC9CEB8-8B4A-11D0-8D11-00A0C91BC942}") = "P2895 [USACO08FEB] Meteor Shower S", "P2895 [USACO08FEB] Meteor Shower S\P2895 [USACO08FEB] Meteor Shower S.vcxproj", "{F57CFF83-2753-431D-8664-9FE5F61B21E9}"
EndProject
Project("{8BC9CEB8-8B4A-11D0-8D11-00A0C91BC942}") = "P2658 汽车拉力比赛", "P2658 汽车拉力比赛\P2658 汽车拉力比赛.vcxproj", "{17B52642-DE12-4694-A8F2-385BB3DE37F7}"
EndProject
Project("{8BC9CEB8-8B4A-11D0-8D11-00A0C91BC942}") = "P4554 小明的游戏", "P4554 小明的游戏\P4554 小明的游戏.vcxproj", "{3F484856-18FF-4FB0-9DAB-DCE6D9CA302B}"
EndProject
Project("{8BC9CEB8-8B4A-11D0-8D11-00A0C91BC942}") = "P1379 八数码难题", "P1379 八数码难题\P1379 八数码难题.vcxproj", "{499AF9D0-9160-4BA7-9819-4FA1ED7CF344}"
EndProject
Project("{8BC9CEB8-8B4A-11D0-8D11-00A0C91BC942}") = "P2730 [USACO3.2] 魔板 Magic Squares", "P2730 [USACO3.2] 魔板 Magic Squares\P2730 [USACO3.2] 魔板 Magic Squares.vcxproj", "{4A4EE771-6CEB-46C7-B4CA-AA07030CDCB9}"
EndProject
Global
	GlobalSection(SolutionConfigurationPlatforms) = preSolution
		Debug|x64 = Debug|x64
		Debug|x86 = Debug|x86
		Release|x64 = Release|x64
		Release|x86 = Release|x86
	EndGlobalSection
	GlobalSection(ProjectConfigurationPlatforms) = postSolution
		{AB89EF84-7753-411B-BD86-1FBDD2595D7B}.Debug|x64.ActiveCfg = Debug|x64
		{AB89EF84-7753-411B-BD86-1FBDD2595D7B}.Debug|x64.Build.0 = Debug|x64
		{AB89EF84-7753-411B-BD86-1FBDD2595D7B}.Debug|x86.ActiveCfg = Debug|Win32
		{AB89EF84-7753-411B-BD86-1FBDD2595D7B}.Debug|x86.Build.0 = Debug|Win32
		{AB89EF84-7753-411B-BD86-1FBDD2595D7B}.Release|x64.ActiveCfg = Release|x64
		{AB89EF84-7753-411B-BD86-1FBDD2595D7B}.Release|x64.Build.0 = Release|x64
		{AB89EF84-7753-411B-BD86-1FBDD2595D7B}.Release|x86.ActiveCfg = Release|Win32
		{AB89EF84-7753-411B-BD86-1FBDD2595D7B}.Release|x86.Build.0 = Release|Win32
		{F0D4C4D4-A621-4455-BE8D-86F4310CD509}.Debug|x64.ActiveCfg = Debug|x64
		{F0D4C4D4-A621-4455-BE8D-86F4310CD509}.Debug|x64.Build.0 = Debug|x64
		{F0D4C4D4-A621-4455-BE8D-86F4310CD509}.Debug|x86.ActiveCfg = Debug|Win32
		{F0D4C4D4-A621-4455-BE8D-86F4310CD509}.Debug|x86.Build.0 = Debug|Win32
		{F0D4C4D4-A621-4455-BE8D-86F4310CD509}.Release|x64.ActiveCfg = Release|x64
		{F0D4C4D4-A621-4455-BE8D-86F4310CD509}.Release|x64.Build.0 = Release|x64
		{F0D4C4D4-A621-4455-BE8D-86F4310CD509}.Release|x86.ActiveCfg = Release|Win32
		{F0D4C4D4-A621-4455-BE8D-86F4310CD509}.Release|x86.Build.0 = Release|Win32
		{8F3CF11D-D7E2-4D86-B666-7C6744EB5E72}.Debug|x64.ActiveCfg = Debug|x64
		{8F3CF11D-D7E2-4D86-B666-7C6744EB5E72}.Debug|x64.Build.0 = Debug|x64
		{8F3CF11D-D7E2-4D86-B666-7C6744EB5E72}.Debug|x86.ActiveCfg = Debug|Win32
		{8F3CF11D-D7E2-4D86-B666-7C6744EB5E72}.Debug|x86.Build.0 = Debug|Win32
		{8F3CF11D-D7E2-4D86-B666-7C6744EB5E72}.Release|x64.ActiveCfg = Release|x64
		{8F3CF11D-D7E2-4D86-B666-7C6744EB5E72}.Release|x64.Build.0 = Release|x64
		{8F3CF11D-D7E2-4D86-B666-7C6744EB5E72}.Release|x86.ActiveCfg = Release|Win32
		{8F3CF11D-D7E2-4D86-B666-7C6744EB5E72}.Release|x86.Build.0 = Release|Win32
		{2538B6E0-883C-4662-B0F8-AD5A5A6C9427}.Debug|x64.ActiveCfg = Debug|x64
		{2538B6E0-883C-4662-B0F8-AD5A5A6C9427}.Debug|x64.Build.0 = Debug|x64
		{2538B6E0-883C-4662-B0F8-AD5A5A6C9427}.Debug|x86.ActiveCfg = Debug|Win32
		{2538B6E0-883C-4662-B0F8-AD5A5A6C9427}.Debug|x86.Build.0 = Debug|Win32
		{2538B6E0-883C-4662-B0F8-AD5A5A6C9427}.Release|x64.ActiveCfg = Release|x64
		{2538B6E0-883C-4662-B0F8-AD5A5A6C9427}.Release|x64.Build.0 = Release|x64
		{2538B6E0-883C-4662-B0F8-AD5A5A6C9427}.Release|x86.ActiveCfg = Release|Win32
		{2538B6E0-883C-4662-B0F8-AD5A5A6C9427}.Release|x86.Build.0 = Release|Win32
		{99B0D458-BB39-4C36-842C-41C4ADF95E24}.Debug|x64.ActiveCfg = Debug|x64
		{99B0D458-BB39-4C36-842C-41C4ADF95E24}.Debug|x64.Build.0 = Debug|x64
		{99B0D458-BB39-4C36-842C-41C4ADF95E24}.Debug|x86.ActiveCfg = Debug|Win32
		{99B0D458-BB39-4C36-842C-41C4ADF95E24}.Debug|x86.Build.0 = Debug|Win32
		{99B0D458-BB39-4C36-842C-41C4ADF95E24}.Release|x64.ActiveCfg = Release|x64
		{99B0D458-BB39-4C36-842C-41C4ADF95E24}.Release|x64.Build.0 = Release|x64
		{99B0D458-BB39-4C36-842C-41C4ADF95E24}.Release|x86.ActiveCfg = Release|Win32
		{99B0D458-BB39-4C36-842C-41C4ADF95E24}.Release|x86.Build.0 = Release|Win32
		{6F9F05D0-9A80-4BF7-A9C2-D9E9811CA467}.Debug|x64.ActiveCfg = Debug|x64
		{6F9F05D0-9A80-4BF7-A9C2-D9E9811CA467}.Debug|x64.Build.0 = Debug|x64
		{6F9F05D0-9A80-4BF7-A9C2-D9E9811CA467}.Debug|x86.ActiveCfg = Debug|Win32
		{6F9F05D0-9A80-4BF7-A9C2-D9E9811CA467}.Debug|x86.Build.0 = Debug|Win32
		{6F9F05D0-9A80-4BF7-A9C2-D9E9811CA467}.Release|x64.ActiveCfg = Release|x64
		{6F9F05D0-9A80-4BF7-A9C2-D9E9811CA467}.Release|x64.Build.0 = Release|x64
		{6F9F05D0-9A80-4BF7-A9C2-D9E9811CA467}.Release|x86.ActiveCfg = Release|Win32
		{6F9F05D0-9A80-4BF7-A9C2-D9E9811CA467}.Release|x86.Build.0 = Release|Win32
		{C5540EBC-F7C5-4AFA-AD94-018F485C02D3}.Debug|x64.ActiveCfg = Debug|x64
		{C5540EBC-F7C5-4AFA-AD94-018F485C02D3}.Debug|x64.Build.0 = Debug|x64
		{C5540EBC-F7C5-4AFA-AD94-018F485C02D3}.Debug|x86.ActiveCfg = Debug|Win32
		{C5540EBC-F7C5-4AFA-AD94-018F485C02D3}.Debug|x86.Build.0 = Debug|Win32
		{C5540EBC-F7C5-4AFA-AD94-018F485C02D3}.Release|x64.ActiveCfg = Release|x64
		{C5540EBC-F7C5-4AFA-AD94-018F485C02D3}.Release|x64.Build.0 = Release|x64
		{C5540EBC-F7C5-4AFA-AD94-018F485C02D3}.Release|x86.ActiveCfg = Release|Win32
		{C5540EBC-F7C5-4AFA-AD94-018F485C02D3}.Release|x86.Build.0 = Release|Win32
		{FDB5485E-A421-4743-BB56-8B6884F1975A}.Debug|x64.ActiveCfg = Debug|x64
		{FDB5485E-A421-4743-BB56-8B6884F1975A}.Debug|x64.Build.0 = Debug|x64
		{FDB5485E-A421-4743-BB56-8B6884F1975A}.Debug|x86.ActiveCfg = Debug|Win32
		{FDB5485E-A421-4743-BB56-8B6884F1975A}.Debug|x86.Build.0 = Debug|Win32
		{FDB5485E-A421-4743-BB56-8B6884F1975A}.Release|x64.ActiveCfg = Release|x64
		{FDB5485E-A421-4743-BB56-8B6884F1975A}.Release|x64.Build.0 = Release|x64
		{FDB5485E-A421-4743-BB56-8B6884F1975A}.Release|x86.ActiveCfg = Release|Win32
		{FDB5485E-A421-4743-BB56-8B6884F1975A}.Release|x86.Build.0 = Release|Win32
		{19F97BE8-D508-4825-BA6F-B18884CC1E1F}.Debug|x64.ActiveCfg = Debug|x64
		{19F97BE8-D508-4825-BA6F-B18884CC1E1F}.Debug|x64.Build.0 = Debug|x64
		{19F97BE8-D508-4825-BA6F-B18884CC1E1F}.Debug|x86.ActiveCfg = Debug|Win32
		{19F97BE8-D508-4825-BA6F-B18884CC1E1F}.Debug|x86.Build.0 = Debug|Win32
		{19F97BE8-D508-4825-BA6F-B18884CC1E1F}.Release|x64.ActiveCfg = Release|x64
		{19F97BE8-D508-4825-BA6F-B18884CC1E1F}.Release|x64.Build.0 = Release|x64
		{19F97BE8-D508-4825-BA6F-B18884CC1E1F}.Release|x86.ActiveCfg = Release|Win32
		{19F97BE8-D508-4825-BA6F-B18884CC1E1F}.Release|x86.Build.0 = Release|Win32
		{B611FC00-3BF0-4365-BACA-48BA76985775}.Debug|x64.ActiveCfg = Debug|x64
		{B611FC00-3BF0-4365-BACA-48BA76985775}.Debug|x64.Build.0 = Debug|x64
		{B611FC00-3BF0-4365-BACA-48BA76985775}.Debug|x86.ActiveCfg = Debug|Win32
		{B611FC00-3BF0-4365-BACA-48BA76985775}.Debug|x86.Build.0 = Debug|Win32
		{B611FC00-3BF0-4365-BACA-48BA76985775}.Release|x64.ActiveCfg = Release|x64
		{B611FC00-3BF0-4365-BACA-48BA76985775}.Release|x64.Build.0 = Release|x64
		{B611FC00-3BF0-4365-BACA-48BA76985775}.Release|x86.ActiveCfg = Release|Win32
		{B611FC00-3BF0-4365-BACA-48BA76985775}.Release|x86.Build.0 = Release|Win32
		{39BF1208-F182-4872-BA2B-6C1334DC81B7}.Debug|x64.ActiveCfg = Debug|x64
		{39BF1208-F182-4872-BA2B-6C1334DC81B7}.Debug|x64.Build.0 = Debug|x64
		{39BF1208-F182-4872-BA2B-6C1334DC81B7}.Debug|x86.ActiveCfg = Debug|Win32
		{39BF1208-F182-4872-BA2B-6C1334DC81B7}.Debug|x86.Build.0 = Debug|Win32
		{39BF1208-F182-4872-BA2B-6C1334DC81B7}.Release|x64.ActiveCfg = Release|x64
		{39BF1208-F182-4872-BA2B-6C1334DC81B7}.Release|x64.Build.0 = Release|x64
		{39BF1208-F182-4872-BA2B-6C1334DC81B7}.Release|x86.ActiveCfg = Release|Win32
		{39BF1208-F182-4872-BA2B-6C1334DC81B7}.Release|x86.Build.0 = Release|Win32
		{6EA3C34D-0F67-41AF-9396-BEEAB0FAD8F4}.Debug|x64.ActiveCfg = Debug|x64
		{6EA3C34D-0F67-41AF-9396-BEEAB0FAD8F4}.Debug|x64.Build.0 = Debug|x64
		{6EA3C34D-0F67-41AF-9396-BEEAB0FAD8F4}.Debug|x86.ActiveCfg = Debug|Win32
		{6EA3C34D-0F67-41AF-9396-BEEAB0FAD8F4}.Debug|x86.Build.0 = Debug|Win32
		{6EA3C34D-0F67-41AF-9396-BEEAB0FAD8F4}.Release|x64.ActiveCfg = Release|x64
		{6EA3C34D-0F67-41AF-9396-BEEAB0FAD8F4}.Release|x64.Build.0 = Release|x64
		{6EA3C34D-0F67-41AF-9396-BEEAB0FAD8F4}.Release|x86.ActiveCfg = Release|Win32
		{6EA3C34D-0F67-41AF-9396-BEEAB0FAD8F4}.Release|x86.Build.0 = Release|Win32
		{1BDEED70-9ED2-41BE-B953-372644273A50}.Debug|x64.ActiveCfg = Debug|x64
		{1BDEED70-9ED2-41BE-B953-372644273A50}.Debug|x64.Build.0 = Debug|x64
		{1BDEED70-9ED2-41BE-B953-372644273A50}.Debug|x86.ActiveCfg = Debug|Win32
		{1BDEED70-9ED2-41BE-B953-372644273A50}.Debug|x86.Build.0 = Debug|Win32
		{1BDEED70-9ED2-41BE-B953-372644273A50}.Release|x64.ActiveCfg = Release|x64
		{1BDEED70-9ED2-41BE-B953-372644273A50}.Release|x64.Build.0 = Release|x64
		{1BDEED70-9ED2-41BE-B953-372644273A50}.Release|x86.ActiveCfg = Release|Win32
		{1BDEED70-9ED2-41BE-B953-372644273A50}.Release|x86.Build.0 = Release|Win32
		{AC2B704A-5F11-413E-93DE-CB84092FB0DC}.Debug|x64.ActiveCfg = Debug|x64
		{AC2B704A-5F11-413E-93DE-CB84092FB0DC}.Debug|x64.Build.0 = Debug|x64
		{AC2B704A-5F11-413E-93DE-CB84092FB0DC}.Debug|x86.ActiveCfg = Debug|Win32
		{AC2B704A-5F11-413E-93DE-CB84092FB0DC}.Debug|x86.Build.0 = Debug|Win32
		{AC2B704A-5F11-413E-93DE-CB84092FB0DC}.Release|x64.ActiveCfg = Release|x64
		{AC2B704A-5F11-413E-93DE-CB84092FB0DC}.Release|x64.Build.0 = Release|x64
		{AC2B704A-5F11-413E-93DE-CB84092FB0DC}.Release|x86.ActiveCfg = Release|Win32
		{AC2B704A-5F11-413E-93DE-CB84092FB0DC}.Release|x86.Build.0 = Release|Win32
		{348672A6-7E28-4C12-AA05-BF8B49013212}.Debug|x64.ActiveCfg = Debug|x64
		{348672A6-7E28-4C12-AA05-BF8B49013212}.Debug|x64.Build.0 = Debug|x64
		{348672A6-7E28-4C12-AA05-BF8B49013212}.Debug|x86.ActiveCfg = Debug|Win32
		{348672A6-7E28-4C12-AA05-BF8B49013212}.Debug|x86.Build.0 = Debug|Win32
		{348672A6-7E28-4C12-AA05-BF8B49013212}.Release|x64.ActiveCfg = Release|x64
		{348672A6-7E28-4C12-AA05-BF8B49013212}.Release|x64.Build.0 = Release|x64
		{348672A6-7E28-4C12-AA05-BF8B49013212}.Release|x86.ActiveCfg = Release|Win32
		{348672A6-7E28-4C12-AA05-BF8B49013212}.Release|x86.Build.0 = Release|Win32
		{C2AF505D-72C5-4AAF-B30D-B113E697ED93}.Debug|x64.ActiveCfg = Debug|x64
		{C2AF505D-72C5-4AAF-B30D-B113E697ED93}.Debug|x64.Build.0 = Debug|x64
		{C2AF505D-72C5-4AAF-B30D-B113E697ED93}.Debug|x86.ActiveCfg = Debug|Win32
		{C2AF505D-72C5-4AAF-B30D-B113E697ED93}.Debug|x86.Build.0 = Debug|Win32
		{C2AF505D-72C5-4AAF-B30D-B113E697ED93}.Release|x64.ActiveCfg = Release|x64
		{C2AF505D-72C5-4AAF-B30D-B113E697ED93}.Release|x64.Build.0 = Release|x64
		{C2AF505D-72C5-4AAF-B30D-B113E697ED93}.Release|x86.ActiveCfg = Release|Win32
		{C2AF505D-72C5-4AAF-B30D-B113E697ED93}.Release|x86.Build.0 = Release|Win32
		{96C37C27-B0E8-4B3F-B57B-830D77479FAB}.Debug|x64.ActiveCfg = Debug|x64
		{96C37C27-B0E8-4B3F-B57B-830D77479FAB}.Debug|x64.Build.0 = Debug|x64
		{96C37C27-B0E8-4B3F-B57B-830D77479FAB}.Debug|x86.ActiveCfg = Debug|Win32
		{96C37C27-B0E8-4B3F-B57B-830D77479FAB}.Debug|x86.Build.0 = Debug|Win32
		{96C37C27-B0E8-4B3F-B57B-830D77479FAB}.Release|x64.ActiveCfg = Release|x64
		{96C37C27-B0E8-4B3F-B57B-830D77479FAB}.Release|x64.Build.0 = Release|x64
		{96C37C27-B0E8-4B3F-B57B-830D77479FAB}.Release|x86.ActiveCfg = Release|Win32
		{96C37C27-B0E8-4B3F-B57B-830D77479FAB}.Release|x86.Build.0 = Release|Win32
		{D688CBC4-6CB7-495D-B5CB-C2166C336FBF}.Debug|x64.ActiveCfg = Debug|x64
		{D688CBC4-6CB7-495D-B5CB-C2166C336FBF}.Debug|x64.Build.0 = Debug|x64
		{D688CBC4-6CB7-495D-B5CB-C2166C336FBF}.Debug|x86.ActiveCfg = Debug|Win32
		{D688CBC4-6CB7-495D-B5CB-C2166C336FBF}.Debug|x86.Build.0 = Debug|Win32
		{D688CBC4-6CB7-495D-B5CB-C2166C336FBF}.Release|x64.ActiveCfg = Release|x64
		{D688CBC4-6CB7-495D-B5CB-C2166C336FBF}.Release|x64.Build.0 = Release|x64
		{D688CBC4-6CB7-495D-B5CB-C2166C336FBF}.Release|x86.ActiveCfg = Release|Win32
		{D688CBC4-6CB7-495D-B5CB-C2166C336FBF}.Release|x86.Build.0 = Release|Win32
		{D0B4F261-53C9-4785-AB5A-38BE1B8F0B55}.Debug|x64.ActiveCfg = Debug|x64
		{D0B4F261-53C9-4785-AB5A-38BE1B8F0B55}.Debug|x64.Build.0 = Debug|x64
		{D0B4F261-53C9-4785-AB5A-38BE1B8F0B55}.Debug|x86.ActiveCfg = Debug|Win32
		{D0B4F261-53C9-4785-AB5A-38BE1B8F0B55}.Debug|x86.Build.0 = Debug|Win32
		{D0B4F261-53C9-4785-AB5A-38BE1B8F0B55}.Release|x64.ActiveCfg = Release|x64
		{D0B4F261-53C9-4785-AB5A-38BE1B8F0B55}.Release|x64.Build.0 = Release|x64
		{D0B4F261-53C9-4785-AB5A-38BE1B8F0B55}.Release|x86.ActiveCfg = Release|Win32
		{D0B4F261-53C9-4785-AB5A-38BE1B8F0B55}.Release|x86.Build.0 = Release|Win32
		{CC0EDCAB-40EF-440E-996F-D55C08284695}.Debug|x64.ActiveCfg = Debug|x64
		{CC0EDCAB-40EF-440E-996F-D55C08284695}.Debug|x64.Build.0 = Debug|x64
		{CC0EDCAB-40EF-440E-996F-D55C08284695}.Debug|x86.ActiveCfg = Debug|Win32
		{CC0EDCAB-40EF-440E-996F-D55C08284695}.Debug|x86.Build.0 = Debug|Win32
		{CC0EDCAB-40EF-440E-996F-D55C08284695}.Release|x64.ActiveCfg = Release|x64
		{CC0EDCAB-40EF-440E-996F-D55C08284695}.Release|x64.Build.0 = Release|x64
		{CC0EDCAB-40EF-440E-996F-D55C08284695}.Release|x86.ActiveCfg = Release|Win32
		{CC0EDCAB-40EF-440E-996F-D55C08284695}.Release|x86.Build.0 = Release|Win32
		{1BED0BD2-A377-4AFE-9501-04556DE13333}.Debug|x64.ActiveCfg = Debug|x64
		{1BED0BD2-A377-4AFE-9501-04556DE13333}.Debug|x64.Build.0 = Debug|x64
		{1BED0BD2-A377-4AFE-9501-04556DE13333}.Debug|x86.ActiveCfg = Debug|Win32
		{1BED0BD2-A377-4AFE-9501-04556DE13333}.Debug|x86.Build.0 = Debug|Win32
		{1BED0BD2-A377-4AFE-9501-04556DE13333}.Release|x64.ActiveCfg = Release|x64
		{1BED0BD2-A377-4AFE-9501-04556DE13333}.Release|x64.Build.0 = Release|x64
		{1BED0BD2-A377-4AFE-9501-04556DE13333}.Release|x86.ActiveCfg = Release|Win32
		{1BED0BD2-A377-4AFE-9501-04556DE13333}.Release|x86.Build.0 = Release|Win32
		{1AC62D6D-BF4F-4DFC-A744-390F85875F1B}.Debug|x64.ActiveCfg = Debug|x64
		{1AC62D6D-BF4F-4DFC-A744-390F85875F1B}.Debug|x64.Build.0 = Debug|x64
		{1AC62D6D-BF4F-4DFC-A744-390F85875F1B}.Debug|x86.ActiveCfg = Debug|Win32
		{1AC62D6D-BF4F-4DFC-A744-390F85875F1B}.Debug|x86.Build.0 = Debug|Win32
		{1AC62D6D-BF4F-4DFC-A744-390F85875F1B}.Release|x64.ActiveCfg = Release|x64
		{1AC62D6D-BF4F-4DFC-A744-390F85875F1B}.Release|x64.Build.0 = Release|x64
		{1AC62D6D-BF4F-4DFC-A744-390F85875F1B}.Release|x86.ActiveCfg = Release|Win32
		{1AC62D6D-BF4F-4DFC-A744-390F85875F1B}.Release|x86.Build.0 = Release|Win32
		{F383FBDA-4A78-4E72-9403-9D36E51BFEE2}.Debug|x64.ActiveCfg = Debug|x64
		{F383FBDA-4A78-4E72-9403-9D36E51BFEE2}.Debug|x64.Build.0 = Debug|x64
		{F383FBDA-4A78-4E72-9403-9D36E51BFEE2}.Debug|x86.ActiveCfg = Debug|Win32
		{F383FBDA-4A78-4E72-9403-9D36E51BFEE2}.Debug|x86.Build.0 = Debug|Win32
		{F383FBDA-4A78-4E72-9403-9D36E51BFEE2}.Release|x64.ActiveCfg = Release|x64
		{F383FBDA-4A78-4E72-9403-9D36E51BFEE2}.Release|x64.Build.0 = Release|x64
		{F383FBDA-4A78-4E72-9403-9D36E51BFEE2}.Release|x86.ActiveCfg = Release|Win32
		{F383FBDA-4A78-4E72-9403-9D36E51BFEE2}.Release|x86.Build.0 = Release|Win32
		{0B83D2D0-CFAA-44FD-8545-B674839C3EA4}.Debug|x64.ActiveCfg = Debug|x64
		{0B83D2D0-CFAA-44FD-8545-B674839C3EA4}.Debug|x64.Build.0 = Debug|x64
		{0B83D2D0-CFAA-44FD-8545-B674839C3EA4}.Debug|x86.ActiveCfg = Debug|Win32
		{0B83D2D0-CFAA-44FD-8545-B674839C3EA4}.Debug|x86.Build.0 = Debug|Win32
		{0B83D2D0-CFAA-44FD-8545-B674839C3EA4}.Release|x64.ActiveCfg = Release|x64
		{0B83D2D0-CFAA-44FD-8545-B674839C3EA4}.Release|x64.Build.0 = Release|x64
		{0B83D2D0-CFAA-44FD-8545-B674839C3EA4}.Release|x86.ActiveCfg = Release|Win32
		{0B83D2D0-CFAA-44FD-8545-B674839C3EA4}.Release|x86.Build.0 = Release|Win32
		{E2AC36CD-0862-4F78-8260-B501E1D2A62F}.Debug|x64.ActiveCfg = Debug|x64
		{E2AC36CD-0862-4F78-8260-B501E1D2A62F}.Debug|x64.Build.0 = Debug|x64
		{E2AC36CD-0862-4F78-8260-B501E1D2A62F}.Debug|x86.ActiveCfg = Debug|Win32
		{E2AC36CD-0862-4F78-8260-B501E1D2A62F}.Debug|x86.Build.0 = Debug|Win32
		{E2AC36CD-0862-4F78-8260-B501E1D2A62F}.Release|x64.ActiveCfg = Release|x64
		{E2AC36CD-0862-4F78-8260-B501E1D2A62F}.Release|x64.Build.0 = Release|x64
		{E2AC36CD-0862-4F78-8260-B501E1D2A62F}.Release|x86.ActiveCfg = Release|Win32
		{E2AC36CD-0862-4F78-8260-B501E1D2A62F}.Release|x86.Build.0 = Release|Win32
		{6BB73F06-D4D8-4C45-AF94-33EE41FE3EE4}.Debug|x64.ActiveCfg = Debug|x64
		{6BB73F06-D4D8-4C45-AF94-33EE41FE3EE4}.Debug|x64.Build.0 = Debug|x64
		{6BB73F06-D4D8-4C45-AF94-33EE41FE3EE4}.Debug|x86.ActiveCfg = Debug|Win32
		{6BB73F06-D4D8-4C45-AF94-33EE41FE3EE4}.Debug|x86.Build.0 = Debug|Win32
		{6BB73F06-D4D8-4C45-AF94-33EE41FE3EE4}.Release|x64.ActiveCfg = Release|x64
		{6BB73F06-D4D8-4C45-AF94-33EE41FE3EE4}.Release|x64.Build.0 = Release|x64
		{6BB73F06-D4D8-4C45-AF94-33EE41FE3EE4}.Release|x86.ActiveCfg = Release|Win32
		{6BB73F06-D4D8-4C45-AF94-33EE41FE3EE4}.Release|x86.Build.0 = Release|Win32
		{C39AE655-AD95-45FA-AB7F-598475C8D19F}.Debug|x64.ActiveCfg = Debug|x64
		{C39AE655-AD95-45FA-AB7F-598475C8D19F}.Debug|x64.Build.0 = Debug|x64
		{C39AE655-AD95-45FA-AB7F-598475C8D19F}.Debug|x86.ActiveCfg = Debug|Win32
		{C39AE655-AD95-45FA-AB7F-598475C8D19F}.Debug|x86.Build.0 = Debug|Win32
		{C39AE655-AD95-45FA-AB7F-598475C8D19F}.Release|x64.ActiveCfg = Release|x64
		{C39AE655-AD95-45FA-AB7F-598475C8D19F}.Release|x64.Build.0 = Release|x64
		{C39AE655-AD95-45FA-AB7F-598475C8D19F}.Release|x86.ActiveCfg = Release|Win32
		{C39AE655-AD95-45FA-AB7F-598475C8D19F}.Release|x86.Build.0 = Release|Win32
		{287EB592-F53F-4043-B0D7-604A32984210}.Debug|x64.ActiveCfg = Debug|x64
		{287EB592-F53F-4043-B0D7-604A32984210}.Debug|x64.Build.0 = Debug|x64
		{287EB592-F53F-4043-B0D7-604A32984210}.Debug|x86.ActiveCfg = Debug|Win32
		{287EB592-F53F-4043-B0D7-604A32984210}.Debug|x86.Build.0 = Debug|Win32
		{287EB592-F53F-4043-B0D7-604A32984210}.Release|x64.ActiveCfg = Release|x64
		{287EB592-F53F-4043-B0D7-604A32984210}.Release|x64.Build.0 = Release|x64
		{287EB592-F53F-4043-B0D7-604A32984210}.Release|x86.ActiveCfg = Release|Win32
		{287EB592-F53F-4043-B0D7-604A32984210}.Release|x86.Build.0 = Release|Win32
		{F57CFF83-2753-431D-8664-9FE5F61B21E9}.Debug|x64.ActiveCfg = Debug|x64
		{F57CFF83-2753-431D-8664-9FE5F61B21E9}.Debug|x64.Build.0 = Debug|x64
		{F57CFF83-2753-431D-8664-9FE5F61B21E9}.Debug|x86.ActiveCfg = Debug|Win32
		{F57CFF83-2753-431D-8664-9FE5F61B21E9}.Debug|x86.Build.0 = Debug|Win32
		{F57CFF83-2753-431D-8664-9FE5F61B21E9}.Release|x64.ActiveCfg = Release|x64
		{F57CFF83-2753-431D-8664-9FE5F61B21E9}.Release|x64.Build.0 = Release|x64
		{F57CFF83-2753-431D-8664-9FE5F61B21E9}.Release|x86.ActiveCfg = Release|Win32
		{F57CFF83-2753-431D-8664-9FE5F61B21E9}.Release|x86.Build.0 = Release|Win32
		{17B52642-DE12-4694-A8F2-385BB3DE37F7}.Debug|x64.ActiveCfg = Debug|x64
		{17B52642-DE12-4694-A8F2-385BB3DE37F7}.Debug|x64.Build.0 = Debug|x64
		{17B52642-DE12-4694-A8F2-385BB3DE37F7}.Debug|x86.ActiveCfg = Debug|Win32
		{17B52642-DE12-4694-A8F2-385BB3DE37F7}.Debug|x86.Build.0 = Debug|Win32
		{17B52642-DE12-4694-A8F2-385BB3DE37F7}.Release|x64.ActiveCfg = Release|x64
		{17B52642-DE12-4694-A8F2-385BB3DE37F7}.Release|x64.Build.0 = Release|x64
		{17B52642-DE12-4694-A8F2-385BB3DE37F7}.Release|x86.ActiveCfg = Release|Win32
		{17B52642-DE12-4694-A8F2-385BB3DE37F7}.Release|x86.Build.0 = Release|Win32
		{3F484856-18FF-4FB0-9DAB-DCE6D9CA302B}.Debug|x64.ActiveCfg = Debug|x64
		{3F484856-18FF-4FB0-9DAB-DCE6D9CA302B}.Debug|x64.Build.0 = Debug|x64
		{3F484856-18FF-4FB0-9DAB-DCE6D9CA302B}.Debug|x86.ActiveCfg = Debug|Win32
		{3F484856-18FF-4FB0-9DAB-DCE6D9CA302B}.Debug|x86.Build.0 = Debug|Win32
		{3F484856-18FF-4FB0-9DAB-DCE6D9CA302B}.Release|x64.ActiveCfg = Release|x64
		{3F484856-18FF-4FB0-9DAB-DCE6D9CA302B}.Release|x64.Build.0 = Release|x64
		{3F484856-18FF-4FB0-9DAB-DCE6D9CA302B}.Release|x86.ActiveCfg = Release|Win32
		{3F484856-18FF-4FB0-9DAB-DCE6D9CA302B}.Release|x86.Build.0 = Release|Win32
		{499AF9D0-9160-4BA7-9819-4FA1ED7CF344}.Debug|x64.ActiveCfg = Debug|x64
		{499AF9D0-9160-4BA7-9819-4FA1ED7CF344}.Debug|x64.Build.0 = Debug|x64
		{499AF9D0-9160-4BA7-9819-4FA1ED7CF344}.Debug|x86.ActiveCfg = Debug|Win32
		{499AF9D0-9160-4BA7-9819-4FA1ED7CF344}.Debug|x86.Build.0 = Debug|Win32
		{499AF9D0-9160-4BA7-9819-4FA1ED7CF344}.Release|x64.ActiveCfg = Release|x64
		{499AF9D0-9160-4BA7-9819-4FA1ED7CF344}.Release|x64.Build.0 = Release|x64
		{499AF9D0-9160-4BA7-9819-4FA1ED7CF344}.Release|x86.ActiveCfg = Release|Win32
		{499AF9D0-9160-4BA7-9819-4FA1ED7CF344}.Release|x86.Build.0 = Release|Win32
		{4A4EE771-6CEB-46C7-B4CA-AA07030CDCB9}.Debug|x64.ActiveCfg = Debug|x64
		{4A4EE771-6CEB-46C7-B4CA-AA07030CDCB9}.Debug|x64.Build.0 = Debug|x64
		{4A4EE771-6CEB-46C7-B4CA-AA07030CDCB9}.Debug|x86.ActiveCfg = Debug|Win32
		{4A4EE771-6CEB-46C7-B4CA-AA07030CDCB9}.Debug|x86.Build.0 = Debug|Win32
		{4A4EE771-6CEB-46C7-B4CA-AA07030CDCB9}.Release|x64.ActiveCfg = Release|x64
		{4A4EE771-6CEB-46C7-B4CA-AA07030CDCB9}.Release|x64.Build.0 = Release|x64
		{4A4EE771-6CEB-46C7-B4CA-AA07030CDCB9}.Release|x86.ActiveCfg = Release|Win32
		{4A4EE771-6CEB-46C7-B4CA-AA07030CDCB9}.Release|x86.Build.0 = Release|Win32
	EndGlobalSection
	GlobalSection(SolutionProperties) = preSolution
		HideSolutionNode = FALSE
	EndGlobalSection
	GlobalSection(ExtensibilityGlobals) = postSolution
		SolutionGuid = {A92961CD-7AD9-487E-97D6-4A32CD35E236}
	EndGlobalSection
EndGlobal
