
Microsoft Visual Studio Solution File, Format Version 12.00
# Visual Studio Version 17
VisualStudioVersion = 17.13.35825.156 d17.13
MinimumVisualStudioVersion = 10.0.40219.1
Project("{8BC9CEB8-8B4A-11D0-8D11-00A0C91BC942}") = "硬币翻转问题", "硬币翻转问题\硬币翻转问题.vcxproj", "{0CAB81E5-6DA8-4C55-8312-DB061419729F}"
EndProject
Global
	GlobalSection(SolutionConfigurationPlatforms) = preSolution
		Debug|x64 = Debug|x64
		Debug|x86 = Debug|x86
		Release|x64 = Release|x64
		Release|x86 = Release|x86
	EndGlobalSection
	GlobalSection(ProjectConfigurationPlatforms) = postSolution
		{0CAB81E5-6DA8-4C55-8312-DB061419729F}.Debug|x64.ActiveCfg = Debug|x64
		{0CAB81E5-6DA8-4C55-8312-DB061419729F}.Debug|x64.Build.0 = Debug|x64
		{0CAB81E5-6DA8-4C55-8312-DB061419729F}.Debug|x86.ActiveCfg = Debug|Win32
		{0CAB81E5-6DA8-4C55-8312-DB061419729F}.Debug|x86.Build.0 = Debug|Win32
		{0CAB81E5-6DA8-4C55-8312-DB061419729F}.Release|x64.ActiveCfg = Release|x64
		{0CAB81E5-6DA8-4C55-8312-DB061419729F}.Release|x64.Build.0 = Release|x64
		{0CAB81E5-6DA8-4C55-8312-DB061419729F}.Release|x86.ActiveCfg = Release|Win32
		{0CAB81E5-6DA8-4C55-8312-DB061419729F}.Release|x86.Build.0 = Release|Win32
	EndGlobalSection
	GlobalSection(SolutionProperties) = preSolution
		HideSolutionNode = FALSE
	EndGlobalSection
	GlobalSection(ExtensibilityGlobals) = postSolution
		SolutionGuid = {4B22ABCA-9A3E-4600-B6FF-CA5B5F0643AF}
	EndGlobalSection
EndGlobal
